// !$*UTF8*$!
{
	archiveVersion = 1;
	classes = {
	};
	objectVersion = 46;
	objects = {

/* Begin PBXBuildFile section */
		163D6EE01818BF8B007ACA3D /* a bug's life (1).jpg in Resources */ = {isa = PBXBuildFile; fileRef = 163D6E8F1818BF8B007ACA3D /* a bug's life (1).jpg */; };
		163D6EE11818BF8B007ACA3D /* a bug's life (2).jpg in Resources */ = {isa = PBXBuildFile; fileRef = 163D6E901818BF8B007ACA3D /* a bug's life (2).jpg */; };
		163D6EE21818BF8B007ACA3D /* a bug's life.jpg in Resources */ = {isa = PBXBuildFile; fileRef = 163D6E911818BF8B007ACA3D /* a bug's life.jpg */; };
		163D6EE31818BF8B007ACA3D /* Cars (1).jpg in Resources */ = {isa = PBXBuildFile; fileRef = 163D6E921818BF8B007ACA3D /* Cars (1).jpg */; };
		163D6EE41818BF8B007ACA3D /* Cars (2).jpg in Resources */ = {isa = PBXBuildFile; fileRef = 163D6E931818BF8B007ACA3D /* Cars (2).jpg */; };
		163D6EE51818BF8B007ACA3D /* Cars (3).jpg in Resources */ = {isa = PBXBuildFile; fileRef = 163D6E941818BF8B007ACA3D /* Cars (3).jpg */; };
		163D6EE61818BF8B007ACA3D /* Cars (4).jpg in Resources */ = {isa = PBXBuildFile; fileRef = 163D6E951818BF8B007ACA3D /* Cars (4).jpg */; };
		163D6EE71818BF8B007ACA3D /* Cars (5).jpg in Resources */ = {isa = PBXBuildFile; fileRef = 163D6E961818BF8B007ACA3D /* Cars (5).jpg */; };
		163D6EE81818BF8B007ACA3D /* Cars (6).jpg in Resources */ = {isa = PBXBuildFile; fileRef = 163D6E971818BF8B007ACA3D /* Cars (6).jpg */; };
		163D6EE91818BF8B007ACA3D /* Cars (7).jpg in Resources */ = {isa = PBXBuildFile; fileRef = 163D6E981818BF8B007ACA3D /* Cars (7).jpg */; };
		163D6EEA1818BF8B007ACA3D /* Cars.jpg in Resources */ = {isa = PBXBuildFile; fileRef = 163D6E991818BF8B007ACA3D /* Cars.jpg */; };
		163D6EEB1818BF8B007ACA3D /* Finding Nemo (1).jpg in Resources */ = {isa = PBXBuildFile; fileRef = 163D6E9A1818BF8B007ACA3D /* Finding Nemo (1).jpg */; };
		163D6EEC1818BF8B007ACA3D /* Finding Nemo (2).jpg in Resources */ = {isa = PBXBuildFile; fileRef = 163D6E9B1818BF8B007ACA3D /* Finding Nemo (2).jpg */; };
		163D6EED1818BF8B007ACA3D /* Finding Nemo (3).jpg in Resources */ = {isa = PBXBuildFile; fileRef = 163D6E9C1818BF8B007ACA3D /* Finding Nemo (3).jpg */; };
		163D6EEE1818BF8B007ACA3D /* Finding Nemo (4).jpg in Resources */ = {isa = PBXBuildFile; fileRef = 163D6E9D1818BF8B007ACA3D /* Finding Nemo (4).jpg */; };
		163D6EEF1818BF8B007ACA3D /* Finding Nemo (5).jpg in Resources */ = {isa = PBXBuildFile; fileRef = 163D6E9E1818BF8B007ACA3D /* Finding Nemo (5).jpg */; };
		163D6EF01818BF8B007ACA3D /* Finding Nemo (6).jpg in Resources */ = {isa = PBXBuildFile; fileRef = 163D6E9F1818BF8B007ACA3D /* Finding Nemo (6).jpg */; };
		163D6EF11818BF8B007ACA3D /* Finding Nemo (7).jpg in Resources */ = {isa = PBXBuildFile; fileRef = 163D6EA01818BF8B007ACA3D /* Finding Nemo (7).jpg */; };
		163D6EF21818BF8B007ACA3D /* Finding Nemo (8).jpg in Resources */ = {isa = PBXBuildFile; fileRef = 163D6EA11818BF8B007ACA3D /* Finding Nemo (8).jpg */; };
		163D6EF31818BF8B007ACA3D /* Finding Nemo.jpg in Resources */ = {isa = PBXBuildFile; fileRef = 163D6EA21818BF8B007ACA3D /* Finding Nemo.jpg */; };
		163D6EF41818BF8B007ACA3D /* Monsters Inc (1).jpg in Resources */ = {isa = PBXBuildFile; fileRef = 163D6EA31818BF8B007ACA3D /* Monsters Inc (1).jpg */; };
		163D6EF51818BF8B007ACA3D /* Monsters Inc (2).jpg in Resources */ = {isa = PBXBuildFile; fileRef = 163D6EA41818BF8B007ACA3D /* Monsters Inc (2).jpg */; };
		163D6EF61818BF8B007ACA3D /* Monsters Inc (3).jpg in Resources */ = {isa = PBXBuildFile; fileRef = 163D6EA51818BF8B007ACA3D /* Monsters Inc (3).jpg */; };
		163D6EF71818BF8B007ACA3D /* Monsters Inc.jpg in Resources */ = {isa = PBXBuildFile; fileRef = 163D6EA61818BF8B007ACA3D /* Monsters Inc.jpg */; };
		163D6EF81818BF8B007ACA3D /* Pixar Various (1).jpg in Resources */ = {isa = PBXBuildFile; fileRef = 163D6EA71818BF8B007ACA3D /* Pixar Various (1).jpg */; };
		163D6EF91818BF8B007ACA3D /* Pixar Various (2).jpg in Resources */ = {isa = PBXBuildFile; fileRef = 163D6EA81818BF8B007ACA3D /* Pixar Various (2).jpg */; };
		163D6EFA1818BF8B007ACA3D /* Pixar Various (3).jpg in Resources */ = {isa = PBXBuildFile; fileRef = 163D6EA91818BF8B007ACA3D /* Pixar Various (3).jpg */; };
		163D6EFB1818BF8B007ACA3D /* Pixar Various (4).jpg in Resources */ = {isa = PBXBuildFile; fileRef = 163D6EAA1818BF8B007ACA3D /* Pixar Various (4).jpg */; };
		163D6EFC1818BF8B007ACA3D /* Pixar Various (5).jpg in Resources */ = {isa = PBXBuildFile; fileRef = 163D6EAB1818BF8B007ACA3D /* Pixar Various (5).jpg */; };
		163D6EFD1818BF8B007ACA3D /* Pixar Various (6).jpg in Resources */ = {isa = PBXBuildFile; fileRef = 163D6EAC1818BF8B007ACA3D /* Pixar Various (6).jpg */; };
		163D6EFE1818BF8B007ACA3D /* Pixar Various.jpg in Resources */ = {isa = PBXBuildFile; fileRef = 163D6EAD1818BF8B007ACA3D /* Pixar Various.jpg */; };
		163D6EFF1818BF8B007ACA3D /* Ratatouille (1).jpg in Resources */ = {isa = PBXBuildFile; fileRef = 163D6EAE1818BF8B007ACA3D /* Ratatouille (1).jpg */; };
		163D6F001818BF8B007ACA3D /* Ratatouille (2).jpg in Resources */ = {isa = PBXBuildFile; fileRef = 163D6EAF1818BF8B007ACA3D /* Ratatouille (2).jpg */; };
		163D6F011818BF8B007ACA3D /* Ratatouille (3).jpg in Resources */ = {isa = PBXBuildFile; fileRef = 163D6EB01818BF8B007ACA3D /* Ratatouille (3).jpg */; };
		163D6F021818BF8B007ACA3D /* Ratatouille (4).jpg in Resources */ = {isa = PBXBuildFile; fileRef = 163D6EB11818BF8B007ACA3D /* Ratatouille (4).jpg */; };
		163D6F031818BF8B007ACA3D /* Ratatouille (5).jpg in Resources */ = {isa = PBXBuildFile; fileRef = 163D6EB21818BF8B007ACA3D /* Ratatouille (5).jpg */; };
		163D6F041818BF8B007ACA3D /* Ratatouille (6).jpg in Resources */ = {isa = PBXBuildFile; fileRef = 163D6EB31818BF8B007ACA3D /* Ratatouille (6).jpg */; };
		163D6F051818BF8B007ACA3D /* Ratatouille (7).jpg in Resources */ = {isa = PBXBuildFile; fileRef = 163D6EB41818BF8B007ACA3D /* Ratatouille (7).jpg */; };
		163D6F061818BF8B007ACA3D /* Ratatouille (8).jpg in Resources */ = {isa = PBXBuildFile; fileRef = 163D6EB51818BF8B007ACA3D /* Ratatouille (8).jpg */; };
		163D6F071818BF8B007ACA3D /* Ratatouille.jpg in Resources */ = {isa = PBXBuildFile; fileRef = 163D6EB61818BF8B007ACA3D /* Ratatouille.jpg */; };
		163D6F081818BF8B007ACA3D /* The Incredibles (1).jpg in Resources */ = {isa = PBXBuildFile; fileRef = 163D6EB71818BF8B007ACA3D /* The Incredibles (1).jpg */; };
		163D6F091818BF8B007ACA3D /* The Incredibles (2).jpg in Resources */ = {isa = PBXBuildFile; fileRef = 163D6EB81818BF8B007ACA3D /* The Incredibles (2).jpg */; };
		163D6F0A1818BF8B007ACA3D /* The Incredibles (4).jpg in Resources */ = {isa = PBXBuildFile; fileRef = 163D6EB91818BF8B007ACA3D /* The Incredibles (4).jpg */; };
		163D6F0B1818BF8B007ACA3D /* The Incredibles (5).jpg in Resources */ = {isa = PBXBuildFile; fileRef = 163D6EBA1818BF8B007ACA3D /* The Incredibles (5).jpg */; };
		163D6F0C1818BF8B007ACA3D /* The Incredibles.jpeg in Resources */ = {isa = PBXBuildFile; fileRef = 163D6EBB1818BF8B007ACA3D /* The Incredibles.jpeg */; };
		163D6F0D1818BF8B007ACA3D /* The Incredibles.jpg in Resources */ = {isa = PBXBuildFile; fileRef = 163D6EBC1818BF8B007ACA3D /* The Incredibles.jpg */; };
		163D6F0E1818BF8B007ACA3D /* Toy Story (1).jpg in Resources */ = {isa = PBXBuildFile; fileRef = 163D6EBD1818BF8B007ACA3D /* Toy Story (1).jpg */; };
		163D6F0F1818BF8B007ACA3D /* Toy Story (2).jpg in Resources */ = {isa = PBXBuildFile; fileRef = 163D6EBE1818BF8B007ACA3D /* Toy Story (2).jpg */; };
		163D6F101818BF8B007ACA3D /* Toy Story (3).jpg in Resources */ = {isa = PBXBuildFile; fileRef = 163D6EBF1818BF8B007ACA3D /* Toy Story (3).jpg */; };
		163D6F111818BF8B007ACA3D /* Toy Story (4).jpg in Resources */ = {isa = PBXBuildFile; fileRef = 163D6EC01818BF8B007ACA3D /* Toy Story (4).jpg */; };
		163D6F121818BF8B007ACA3D /* Toy Story (5).jpg in Resources */ = {isa = PBXBuildFile; fileRef = 163D6EC11818BF8B007ACA3D /* Toy Story (5).jpg */; };
		163D6F131818BF8B007ACA3D /* Toy Story.jpg in Resources */ = {isa = PBXBuildFile; fileRef = 163D6EC21818BF8B007ACA3D /* Toy Story.jpg */; };
		163D6F141818BF8B007ACA3D /* Toy-Story-movie-07.jpg in Resources */ = {isa = PBXBuildFile; fileRef = 163D6EC31818BF8B007ACA3D /* Toy-Story-movie-07.jpg */; };
		163D6F151818BF8B007ACA3D /* Toy-Story-movie-08.jpg in Resources */ = {isa = PBXBuildFile; fileRef = 163D6EC41818BF8B007ACA3D /* Toy-Story-movie-08.jpg */; };
		163D6F161818BF8B007ACA3D /* Toy-Story-movie-09.jpg in Resources */ = {isa = PBXBuildFile; fileRef = 163D6EC51818BF8B007ACA3D /* Toy-Story-movie-09.jpg */; };
		163D6F171818BF8B007ACA3D /* Toy-Story-movie-10.jpg in Resources */ = {isa = PBXBuildFile; fileRef = 163D6EC61818BF8B007ACA3D /* Toy-Story-movie-10.jpg */; };
		163D6F181818BF8B007ACA3D /* Toy-Story-movie-11.jpg in Resources */ = {isa = PBXBuildFile; fileRef = 163D6EC71818BF8B007ACA3D /* Toy-Story-movie-11.jpg */; };
		163D6F191818BF8B007ACA3D /* Toy-Story-movie-12.jpg in Resources */ = {isa = PBXBuildFile; fileRef = 163D6EC81818BF8B007ACA3D /* Toy-Story-movie-12.jpg */; };
		163D6F1A1818BF8B007ACA3D /* Up (1).jpg in Resources */ = {isa = PBXBuildFile; fileRef = 163D6EC91818BF8B007ACA3D /* Up (1).jpg */; };
		163D6F1B1818BF8B007ACA3D /* Up (10).jpg in Resources */ = {isa = PBXBuildFile; fileRef = 163D6ECA1818BF8B007ACA3D /* Up (10).jpg */; };
		163D6F1C1818BF8B007ACA3D /* Up (11).jpg in Resources */ = {isa = PBXBuildFile; fileRef = 163D6ECB1818BF8B007ACA3D /* Up (11).jpg */; };
		163D6F1D1818BF8B007ACA3D /* Up (12).jpg in Resources */ = {isa = PBXBuildFile; fileRef = 163D6ECC1818BF8B007ACA3D /* Up (12).jpg */; };
		163D6F1E1818BF8B007ACA3D /* Up (13).jpg in Resources */ = {isa = PBXBuildFile; fileRef = 163D6ECD1818BF8B007ACA3D /* Up (13).jpg */; };
		163D6F1F1818BF8B007ACA3D /* Up (14).jpg in Resources */ = {isa = PBXBuildFile; fileRef = 163D6ECE1818BF8B007ACA3D /* Up (14).jpg */; };
		163D6F201818BF8B007ACA3D /* Up (2).jpg in Resources */ = {isa = PBXBuildFile; fileRef = 163D6ECF1818BF8B007ACA3D /* Up (2).jpg */; };
		163D6F211818BF8B007ACA3D /* Up (3).jpg in Resources */ = {isa = PBXBuildFile; fileRef = 163D6ED01818BF8B007ACA3D /* Up (3).jpg */; };
		163D6F221818BF8B007ACA3D /* Up (4).jpg in Resources */ = {isa = PBXBuildFile; fileRef = 163D6ED11818BF8B007ACA3D /* Up (4).jpg */; };
		163D6F231818BF8B007ACA3D /* Up (5).jpg in Resources */ = {isa = PBXBuildFile; fileRef = 163D6ED21818BF8B007ACA3D /* Up (5).jpg */; };
		163D6F241818BF8B007ACA3D /* Up (6).jpg in Resources */ = {isa = PBXBuildFile; fileRef = 163D6ED31818BF8B007ACA3D /* Up (6).jpg */; };
		163D6F251818BF8B007ACA3D /* Up (8).jpg in Resources */ = {isa = PBXBuildFile; fileRef = 163D6ED41818BF8B007ACA3D /* Up (8).jpg */; };
		163D6F261818BF8B007ACA3D /* Up (9).jpg in Resources */ = {isa = PBXBuildFile; fileRef = 163D6ED51818BF8B007ACA3D /* Up (9).jpg */; };
		163D6F271818BF8B007ACA3D /* Up.jpg in Resources */ = {isa = PBXBuildFile; fileRef = 163D6ED61818BF8B007ACA3D /* Up.jpg */; };
		163D6F281818BF8B007ACA3D /* Wall-e (1).jpg in Resources */ = {isa = PBXBuildFile; fileRef = 163D6ED71818BF8B007ACA3D /* Wall-e (1).jpg */; };
		163D6F291818BF8B007ACA3D /* Wall-e (3).jpg in Resources */ = {isa = PBXBuildFile; fileRef = 163D6ED81818BF8B007ACA3D /* Wall-e (3).jpg */; };
		163D6F2A1818BF8B007ACA3D /* Wall-e (4).jpg in Resources */ = {isa = PBXBuildFile; fileRef = 163D6ED91818BF8B007ACA3D /* Wall-e (4).jpg */; };
		163D6F2B1818BF8B007ACA3D /* Wall-e (5).jpg in Resources */ = {isa = PBXBuildFile; fileRef = 163D6EDA1818BF8B007ACA3D /* Wall-e (5).jpg */; };
		163D6F2C1818BF8B007ACA3D /* Wall-e (6).jpg in Resources */ = {isa = PBXBuildFile; fileRef = 163D6EDB1818BF8B007ACA3D /* Wall-e (6).jpg */; };
		163D6F2D1818BF8B007ACA3D /* Wall-e (7).jpg in Resources */ = {isa = PBXBuildFile; fileRef = 163D6EDC1818BF8B007ACA3D /* Wall-e (7).jpg */; };
		163D6F2E1818BF8B007ACA3D /* Wall-e (8).jpg in Resources */ = {isa = PBXBuildFile; fileRef = 163D6EDD1818BF8B007ACA3D /* Wall-e (8).jpg */; };
		163D6F2F1818BF8B007ACA3D /* Wall-e(2).jpg in Resources */ = {isa = PBXBuildFile; fileRef = 163D6EDE1818BF8B007ACA3D /* Wall-e(2).jpg */; };
		163D6F301818BF8B007ACA3D /* Wall-e.jpg in Resources */ = {isa = PBXBuildFile; fileRef = 163D6EDF1818BF8B007ACA3D /* Wall-e.jpg */; };
		16B4BD4F18203F4E001666CA /* libsqlite3.dylib in Frameworks */ = {isa = PBXBuildFile; fileRef = 16B4BD4E18203F4E001666CA /* libsqlite3.dylib */; };
		1F463C9913F622600003CDB8 /* JKCallbacksTableViewCell.m in Sources */ = {isa = PBXBuildFile; fileRef = 1F463C9813F622600003CDB8 /* JKCallbacksTableViewCell.m */; };
		AA4D8A4B130F6A74001FD5CB /* UIKit.framework in Frameworks */ = {isa = PBXBuildFile; fileRef = AA4D8A4A130F6A74001FD5CB /* UIKit.framework */; };
		AA4D8A4D130F6A74001FD5CB /* Foundation.framework in Frameworks */ = {isa = PBXBuildFile; fileRef = AA4D8A4C130F6A74001FD5CB /* Foundation.framework */; };
		AA4D8A4F130F6A74001FD5CB /* CoreGraphics.framework in Frameworks */ = {isa = PBXBuildFile; fileRef = AA4D8A4E130F6A74001FD5CB /* CoreGraphics.framework */; };
		AA4D8A55130F6A74001FD5CB /* InfoPlist.strings in Resources */ = {isa = PBXBuildFile; fileRef = AA4D8A53130F6A74001FD5CB /* InfoPlist.strings */; };
		AA4D8A58130F6A74001FD5CB /* main.m in Sources */ = {isa = PBXBuildFile; fileRef = AA4D8A57130F6A74001FD5CB /* main.m */; };
		AA4D8A5B130F6A74001FD5CB /* GCDExampleAppDelegate.m in Sources */ = {isa = PBXBuildFile; fileRef = AA4D8A5A130F6A74001FD5CB /* GCDExampleAppDelegate.m */; };
		AA4D8A5E130F6A75001FD5CB /* MainWindow.xib in Resources */ = {isa = PBXBuildFile; fileRef = AA4D8A5C130F6A75001FD5CB /* MainWindow.xib */; };
		AA4D8A61130F6A75001FD5CB /* RootViewController.m in Sources */ = {isa = PBXBuildFile; fileRef = AA4D8A60130F6A75001FD5CB /* RootViewController.m */; };
		AA4D8A64130F6A75001FD5CB /* RootViewController.xib in Resources */ = {isa = PBXBuildFile; fileRef = AA4D8A62130F6A75001FD5CB /* RootViewController.xib */; };
/* End PBXBuildFile section */

/* Begin PBXFileReference section */
		163D6E8F1818BF8B007ACA3D /* a bug's life (1).jpg */ = {isa = PBXFileReference; lastKnownFileType = image.jpeg; path = "a bug's life (1).jpg"; sourceTree = "<group>"; };
		163D6E901818BF8B007ACA3D /* a bug's life (2).jpg */ = {isa = PBXFileReference; lastKnownFileType = image.jpeg; path = "a bug's life (2).jpg"; sourceTree = "<group>"; };
		163D6E911818BF8B007ACA3D /* a bug's life.jpg */ = {isa = PBXFileReference; lastKnownFileType = image.jpeg; path = "a bug's life.jpg"; sourceTree = "<group>"; };
		163D6E921818BF8B007ACA3D /* Cars (1).jpg */ = {isa = PBXFileReference; lastKnownFileType = image.jpeg; path = "Cars (1).jpg"; sourceTree = "<group>"; };
		163D6E931818BF8B007ACA3D /* Cars (2).jpg */ = {isa = PBXFileReference; lastKnownFileType = image.jpeg; path = "Cars (2).jpg"; sourceTree = "<group>"; };
		163D6E941818BF8B007ACA3D /* Cars (3).jpg */ = {isa = PBXFileReference; lastKnownFileType = image.jpeg; path = "Cars (3).jpg"; sourceTree = "<group>"; };
		163D6E951818BF8B007ACA3D /* Cars (4).jpg */ = {isa = PBXFileReference; lastKnownFileType = image.jpeg; path = "Cars (4).jpg"; sourceTree = "<group>"; };
		163D6E961818BF8B007ACA3D /* Cars (5).jpg */ = {isa = PBXFileReference; lastKnownFileType = image.jpeg; path = "Cars (5).jpg"; sourceTree = "<group>"; };
		163D6E971818BF8B007ACA3D /* Cars (6).jpg */ = {isa = PBXFileReference; lastKnownFileType = image.jpeg; path = "Cars (6).jpg"; sourceTree = "<group>"; };
		163D6E981818BF8B007ACA3D /* Cars (7).jpg */ = {isa = PBXFileReference; lastKnownFileType = image.jpeg; path = "Cars (7).jpg"; sourceTree = "<group>"; };
		163D6E991818BF8B007ACA3D /* Cars.jpg */ = {isa = PBXFileReference; lastKnownFileType = image.jpeg; path = Cars.jpg; sourceTree = "<group>"; };
		163D6E9A1818BF8B007ACA3D /* Finding Nemo (1).jpg */ = {isa = PBXFileReference; lastKnownFileType = image.jpeg; path = "Finding Nemo (1).jpg"; sourceTree = "<group>"; };
		163D6E9B1818BF8B007ACA3D /* Finding Nemo (2).jpg */ = {isa = PBXFileReference; lastKnownFileType = image.jpeg; path = "Finding Nemo (2).jpg"; sourceTree = "<group>"; };
		163D6E9C1818BF8B007ACA3D /* Finding Nemo (3).jpg */ = {isa = PBXFileReference; lastKnownFileType = image.jpeg; path = "Finding Nemo (3).jpg"; sourceTree = "<group>"; };
		163D6E9D1818BF8B007ACA3D /* Finding Nemo (4).jpg */ = {isa = PBXFileReference; lastKnownFileType = image.jpeg; path = "Finding Nemo (4).jpg"; sourceTree = "<group>"; };
		163D6E9E1818BF8B007ACA3D /* Finding Nemo (5).jpg */ = {isa = PBXFileReference; lastKnownFileType = image.jpeg; path = "Finding Nemo (5).jpg"; sourceTree = "<group>"; };
		163D6E9F1818BF8B007ACA3D /* Finding Nemo (6).jpg */ = {isa = PBXFileReference; lastKnownFileType = image.jpeg; path = "Finding Nemo (6).jpg"; sourceTree = "<group>"; };
		163D6EA01818BF8B007ACA3D /* Finding Nemo (7).jpg */ = {isa = PBXFileReference; lastKnownFileType = image.jpeg; path = "Finding Nemo (7).jpg"; sourceTree = "<group>"; };
		163D6EA11818BF8B007ACA3D /* Finding Nemo (8).jpg */ = {isa = PBXFileReference; lastKnownFileType = image.jpeg; path = "Finding Nemo (8).jpg"; sourceTree = "<group>"; };
		163D6EA21818BF8B007ACA3D /* Finding Nemo.jpg */ = {isa = PBXFileReference; lastKnownFileType = image.jpeg; path = "Finding Nemo.jpg"; sourceTree = "<group>"; };
		163D6EA31818BF8B007ACA3D /* Monsters Inc (1).jpg */ = {isa = PBXFileReference; lastKnownFileType = image.jpeg; path = "Monsters Inc (1).jpg"; sourceTree = "<group>"; };
		163D6EA41818BF8B007ACA3D /* Monsters Inc (2).jpg */ = {isa = PBXFileReference; lastKnownFileType = image.jpeg; path = "Monsters Inc (2).jpg"; sourceTree = "<group>"; };
		163D6EA51818BF8B007ACA3D /* Monsters Inc (3).jpg */ = {isa = PBXFileReference; lastKnownFileType = image.jpeg; path = "Monsters Inc (3).jpg"; sourceTree = "<group>"; };
		163D6EA61818BF8B007ACA3D /* Monsters Inc.jpg */ = {isa = PBXFileReference; lastKnownFileType = image.jpeg; path = "Monsters Inc.jpg"; sourceTree = "<group>"; };
		163D6EA71818BF8B007ACA3D /* Pixar Various (1).jpg */ = {isa = PBXFileReference; lastKnownFileType = image.jpeg; path = "Pixar Various (1).jpg"; sourceTree = "<group>"; };
		163D6EA81818BF8B007ACA3D /* Pixar Various (2).jpg */ = {isa = PBXFileReference; lastKnownFileType = image.jpeg; path = "Pixar Various (2).jpg"; sourceTree = "<group>"; };
		163D6EA91818BF8B007ACA3D /* Pixar Various (3).jpg */ = {isa = PBXFileReference; lastKnownFileType = image.jpeg; path = "Pixar Various (3).jpg"; sourceTree = "<group>"; };
		163D6EAA1818BF8B007ACA3D /* Pixar Various (4).jpg */ = {isa = PBXFileReference; lastKnownFileType = image.jpeg; path = "Pixar Various (4).jpg"; sourceTree = "<group>"; };
		163D6EAB1818BF8B007ACA3D /* Pixar Various (5).jpg */ = {isa = PBXFileReference; lastKnownFileType = image.jpeg; path = "Pixar Various (5).jpg"; sourceTree = "<group>"; };
		163D6EAC1818BF8B007ACA3D /* Pixar Various (6).jpg */ = {isa = PBXFileReference; lastKnownFileType = image.jpeg; path = "Pixar Various (6).jpg"; sourceTree = "<group>"; };
		163D6EAD1818BF8B007ACA3D /* Pixar Various.jpg */ = {isa = PBXFileReference; lastKnownFileType = image.jpeg; path = "Pixar Various.jpg"; sourceTree = "<group>"; };
		163D6EAE1818BF8B007ACA3D /* Ratatouille (1).jpg */ = {isa = PBXFileReference; lastKnownFileType = image.jpeg; path = "Ratatouille (1).jpg"; sourceTree = "<group>"; };
		163D6EAF1818BF8B007ACA3D /* Ratatouille (2).jpg */ = {isa = PBXFileReference; lastKnownFileType = image.jpeg; path = "Ratatouille (2).jpg"; sourceTree = "<group>"; };
		163D6EB01818BF8B007ACA3D /* Ratatouille (3).jpg */ = {isa = PBXFileReference; lastKnownFileType = image.jpeg; path = "Ratatouille (3).jpg"; sourceTree = "<group>"; };
		163D6EB11818BF8B007ACA3D /* Ratatouille (4).jpg */ = {isa = PBXFileReference; lastKnownFileType = image.jpeg; path = "Ratatouille (4).jpg"; sourceTree = "<group>"; };
		163D6EB21818BF8B007ACA3D /* Ratatouille (5).jpg */ = {isa = PBXFileReference; lastKnownFileType = image.jpeg; path = "Ratatouille (5).jpg"; sourceTree = "<group>"; };
		163D6EB31818BF8B007ACA3D /* Ratatouille (6).jpg */ = {isa = PBXFileReference; lastKnownFileType = image.jpeg; path = "Ratatouille (6).jpg"; sourceTree = "<group>"; };
		163D6EB41818BF8B007ACA3D /* Ratatouille (7).jpg */ = {isa = PBXFileReference; lastKnownFileType = image.jpeg; path = "Ratatouille (7).jpg"; sourceTree = "<group>"; };
		163D6EB51818BF8B007ACA3D /* Ratatouille (8).jpg */ = {isa = PBXFileReference; lastKnownFileType = image.jpeg; path = "Ratatouille (8).jpg"; sourceTree = "<group>"; };
		163D6EB61818BF8B007ACA3D /* Ratatouille.jpg */ = {isa = PBXFileReference; lastKnownFileType = image.jpeg; path = Ratatouille.jpg; sourceTree = "<group>"; };
		163D6EB71818BF8B007ACA3D /* The Incredibles (1).jpg */ = {isa = PBXFileReference; lastKnownFileType = image.jpeg; path = "The Incredibles (1).jpg"; sourceTree = "<group>"; };
		163D6EB81818BF8B007ACA3D /* The Incredibles (2).jpg */ = {isa = PBXFileReference; lastKnownFileType = image.jpeg; path = "The Incredibles (2).jpg"; sourceTree = "<group>"; };
		163D6EB91818BF8B007ACA3D /* The Incredibles (4).jpg */ = {isa = PBXFileReference; lastKnownFileType = image.jpeg; path = "The Incredibles (4).jpg"; sourceTree = "<group>"; };
		163D6EBA1818BF8B007ACA3D /* The Incredibles (5).jpg */ = {isa = PBXFileReference; lastKnownFileType = image.jpeg; path = "The Incredibles (5).jpg"; sourceTree = "<group>"; };
		163D6EBB1818BF8B007ACA3D /* The Incredibles.jpeg */ = {isa = PBXFileReference; lastKnownFileType = image.jpeg; path = "The Incredibles.jpeg"; sourceTree = "<group>"; };
		163D6EBC1818BF8B007ACA3D /* The Incredibles.jpg */ = {isa = PBXFileReference; lastKnownFileType = image.jpeg; path = "The Incredibles.jpg"; sourceTree = "<group>"; };
		163D6EBD1818BF8B007ACA3D /* Toy Story (1).jpg */ = {isa = PBXFileReference; lastKnownFileType = image.jpeg; path = "Toy Story (1).jpg"; sourceTree = "<group>"; };
		163D6EBE1818BF8B007ACA3D /* Toy Story (2).jpg */ = {isa = PBXFileReference; lastKnownFileType = image.jpeg; path = "Toy Story (2).jpg"; sourceTree = "<group>"; };
		163D6EBF1818BF8B007ACA3D /* Toy Story (3).jpg */ = {isa = PBXFileReference; lastKnownFileType = image.jpeg; path = "Toy Story (3).jpg"; sourceTree = "<group>"; };
		163D6EC01818BF8B007ACA3D /* Toy Story (4).jpg */ = {isa = PBXFileReference; lastKnownFileType = image.jpeg; path = "Toy Story (4).jpg"; sourceTree = "<group>"; };
		163D6EC11818BF8B007ACA3D /* Toy Story (5).jpg */ = {isa = PBXFileReference; lastKnownFileType = image.jpeg; path = "Toy Story (5).jpg"; sourceTree = "<group>"; };
		163D6EC21818BF8B007ACA3D /* Toy Story.jpg */ = {isa = PBXFileReference; lastKnownFileType = image.jpeg; path = "Toy Story.jpg"; sourceTree = "<group>"; };
		163D6EC31818BF8B007ACA3D /* Toy-Story-movie-07.jpg */ = {isa = PBXFileReference; lastKnownFileType = image.jpeg; path = "Toy-Story-movie-07.jpg"; sourceTree = "<group>"; };
		163D6EC41818BF8B007ACA3D /* Toy-Story-movie-08.jpg */ = {isa = PBXFileReference; lastKnownFileType = image.jpeg; path = "Toy-Story-movie-08.jpg"; sourceTree = "<group>"; };
		163D6EC51818BF8B007ACA3D /* Toy-Story-movie-09.jpg */ = {isa = PBXFileReference; lastKnownFileType = image.jpeg; path = "Toy-Story-movie-09.jpg"; sourceTree = "<group>"; };
		163D6EC61818BF8B007ACA3D /* Toy-Story-movie-10.jpg */ = {isa = PBXFileReference; lastKnownFileType = image.jpeg; path = "Toy-Story-movie-10.jpg"; sourceTree = "<group>"; };
		163D6EC71818BF8B007ACA3D /* Toy-Story-movie-11.jpg */ = {isa = PBXFileReference; lastKnownFileType = image.jpeg; path = "Toy-Story-movie-11.jpg"; sourceTree = "<group>"; };
		163D6EC81818BF8B007ACA3D /* Toy-Story-movie-12.jpg */ = {isa = PBXFileReference; lastKnownFileType = image.jpeg; path = "Toy-Story-movie-12.jpg"; sourceTree = "<group>"; };
		163D6EC91818BF8B007ACA3D /* Up (1).jpg */ = {isa = PBXFileReference; lastKnownFileType = image.jpeg; path = "Up (1).jpg"; sourceTree = "<group>"; };
		163D6ECA1818BF8B007ACA3D /* Up (10).jpg */ = {isa = PBXFileReference; lastKnownFileType = image.jpeg; path = "Up (10).jpg"; sourceTree = "<group>"; };
		163D6ECB1818BF8B007ACA3D /* Up (11).jpg */ = {isa = PBXFileReference; lastKnownFileType = image.jpeg; path = "Up (11).jpg"; sourceTree = "<group>"; };
		163D6ECC1818BF8B007ACA3D /* Up (12).jpg */ = {isa = PBXFileReference; lastKnownFileType = image.jpeg; path = "Up (12).jpg"; sourceTree = "<group>"; };
		163D6ECD1818BF8B007ACA3D /* Up (13).jpg */ = {isa = PBXFileReference; lastKnownFileType = image.jpeg; path = "Up (13).jpg"; sourceTree = "<group>"; };
		163D6ECE1818BF8B007ACA3D /* Up (14).jpg */ = {isa = PBXFileReference; lastKnownFileType = image.jpeg; path = "Up (14).jpg"; sourceTree = "<group>"; };
		163D6ECF1818BF8B007ACA3D /* Up (2).jpg */ = {isa = PBXFileReference; lastKnownFileType = image.jpeg; path = "Up (2).jpg"; sourceTree = "<group>"; };
		163D6ED01818BF8B007ACA3D /* Up (3).jpg */ = {isa = PBXFileReference; lastKnownFileType = image.jpeg; path = "Up (3).jpg"; sourceTree = "<group>"; };
		163D6ED11818BF8B007ACA3D /* Up (4).jpg */ = {isa = PBXFileReference; lastKnownFileType = image.jpeg; path = "Up (4).jpg"; sourceTree = "<group>"; };
		163D6ED21818BF8B007ACA3D /* Up (5).jpg */ = {isa = PBXFileReference; lastKnownFileType = image.jpeg; path = "Up (5).jpg"; sourceTree = "<group>"; };
		163D6ED31818BF8B007ACA3D /* Up (6).jpg */ = {isa = PBXFileReference; lastKnownFileType = image.jpeg; path = "Up (6).jpg"; sourceTree = "<group>"; };
		163D6ED41818BF8B007ACA3D /* Up (8).jpg */ = {isa = PBXFileReference; lastKnownFileType = image.jpeg; path = "Up (8).jpg"; sourceTree = "<group>"; };
		163D6ED51818BF8B007ACA3D /* Up (9).jpg */ = {isa = PBXFileReference; lastKnownFileType = image.jpeg; path = "Up (9).jpg"; sourceTree = "<group>"; };
		163D6ED61818BF8B007ACA3D /* Up.jpg */ = {isa = PBXFileReference; lastKnownFileType = image.jpeg; path = Up.jpg; sourceTree = "<group>"; };
		163D6ED71818BF8B007ACA3D /* Wall-e (1).jpg */ = {isa = PBXFileReference; lastKnownFileType = image.jpeg; path = "Wall-e (1).jpg"; sourceTree = "<group>"; };
		163D6ED81818BF8B007ACA3D /* Wall-e (3).jpg */ = {isa = PBXFileReference; lastKnownFileType = image.jpeg; path = "Wall-e (3).jpg"; sourceTree = "<group>"; };
		163D6ED91818BF8B007ACA3D /* Wall-e (4).jpg */ = {isa = PBXFileReference; lastKnownFileType = image.jpeg; path = "Wall-e (4).jpg"; sourceTree = "<group>"; };
		163D6EDA1818BF8B007ACA3D /* Wall-e (5).jpg */ = {isa = PBXFileReference; lastKnownFileType = image.jpeg; path = "Wall-e (5).jpg"; sourceTree = "<group>"; };
		163D6EDB1818BF8B007ACA3D /* Wall-e (6).jpg */ = {isa = PBXFileReference; lastKnownFileType = image.jpeg; path = "Wall-e (6).jpg"; sourceTree = "<group>"; };
		163D6EDC1818BF8B007ACA3D /* Wall-e (7).jpg */ = {isa = PBXFileReference; lastKnownFileType = image.jpeg; path = "Wall-e (7).jpg"; sourceTree = "<group>"; };
		163D6EDD1818BF8B007ACA3D /* Wall-e (8).jpg */ = {isa = PBXFileReference; lastKnownFileType = image.jpeg; path = "Wall-e (8).jpg"; sourceTree = "<group>"; };
		163D6EDE1818BF8B007ACA3D /* Wall-e(2).jpg */ = {isa = PBXFileReference; lastKnownFileType = image.jpeg; path = "Wall-e(2).jpg"; sourceTree = "<group>"; };
		163D6EDF1818BF8B007ACA3D /* Wall-e.jpg */ = {isa = PBXFileReference; lastKnownFileType = image.jpeg; path = "Wall-e.jpg"; sourceTree = "<group>"; };
		16B4BD4E18203F4E001666CA /* libsqlite3.dylib */ = {isa = PBXFileReference; lastKnownFileType = "compiled.mach-o.dylib"; name = libsqlite3.dylib; path = usr/lib/libsqlite3.dylib; sourceTree = SDKROOT; };
		1F463C9713F622600003CDB8 /* JKCallbacksTableViewCell.h */ = {isa = PBXFileReference; fileEncoding = 4; lastKnownFileType = sourcecode.c.h; path = JKCallbacksTableViewCell.h; sourceTree = "<group>"; };
		1F463C9813F622600003CDB8 /* JKCallbacksTableViewCell.m */ = {isa = PBXFileReference; fileEncoding = 4; lastKnownFileType = sourcecode.c.objc; path = JKCallbacksTableViewCell.m; sourceTree = "<group>"; };
		AA4D8A46130F6A74001FD5CB /* GCDExample.app */ = {isa = PBXFileReference; explicitFileType = wrapper.application; includeInIndex = 0; path = GCDExample.app; sourceTree = BUILT_PRODUCTS_DIR; };
		AA4D8A4A130F6A74001FD5CB /* UIKit.framework */ = {isa = PBXFileReference; lastKnownFileType = wrapper.framework; name = UIKit.framework; path = System/Library/Frameworks/UIKit.framework; sourceTree = SDKROOT; };
		AA4D8A4C130F6A74001FD5CB /* Foundation.framework */ = {isa = PBXFileReference; lastKnownFileType = wrapper.framework; name = Foundation.framework; path = System/Library/Frameworks/Foundation.framework; sourceTree = SDKROOT; };
		AA4D8A4E130F6A74001FD5CB /* CoreGraphics.framework */ = {isa = PBXFileReference; lastKnownFileType = wrapper.framework; name = CoreGraphics.framework; path = System/Library/Frameworks/CoreGraphics.framework; sourceTree = SDKROOT; };
		AA4D8A52130F6A74001FD5CB /* GCDExample-Info.plist */ = {isa = PBXFileReference; lastKnownFileType = text.plist.xml; path = "GCDExample-Info.plist"; sourceTree = "<group>"; };
		AA4D8A54130F6A74001FD5CB /* en */ = {isa = PBXFileReference; lastKnownFileType = text.plist.strings; name = en; path = en.lproj/InfoPlist.strings; sourceTree = "<group>"; };
		AA4D8A56130F6A74001FD5CB /* GCDExample-Prefix.pch */ = {isa = PBXFileReference; lastKnownFileType = sourcecode.c.h; path = "GCDExample-Prefix.pch"; sourceTree = "<group>"; };
		AA4D8A57130F6A74001FD5CB /* main.m */ = {isa = PBXFileReference; lastKnownFileType = sourcecode.c.objc; path = main.m; sourceTree = "<group>"; };
		AA4D8A59130F6A74001FD5CB /* GCDExampleAppDelegate.h */ = {isa = PBXFileReference; lastKnownFileType = sourcecode.c.h; path = GCDExampleAppDelegate.h; sourceTree = "<group>"; };
		AA4D8A5A130F6A74001FD5CB /* GCDExampleAppDelegate.m */ = {isa = PBXFileReference; lastKnownFileType = sourcecode.c.objc; path = GCDExampleAppDelegate.m; sourceTree = "<group>"; };
		AA4D8A5D130F6A75001FD5CB /* en */ = {isa = PBXFileReference; lastKnownFileType = file.xib; name = en; path = en.lproj/MainWindow.xib; sourceTree = "<group>"; };
		AA4D8A5F130F6A75001FD5CB /* RootViewController.h */ = {isa = PBXFileReference; lastKnownFileType = sourcecode.c.h; path = RootViewController.h; sourceTree = "<group>"; };
		AA4D8A60130F6A75001FD5CB /* RootViewController.m */ = {isa = PBXFileReference; lastKnownFileType = sourcecode.c.objc; path = RootViewController.m; sourceTree = "<group>"; };
		AA4D8A63130F6A75001FD5CB /* en */ = {isa = PBXFileReference; lastKnownFileType = file.xib; name = en; path = en.lproj/RootViewController.xib; sourceTree = "<group>"; };
/* End PBXFileReference section */

/* Begin PBXFrameworksBuildPhase section */
		AA4D8A43130F6A74001FD5CB /* Frameworks */ = {
			isa = PBXFrameworksBuildPhase;
			buildActionMask = 2147483647;
			files = (
				16B4BD4F18203F4E001666CA /* libsqlite3.dylib in Frameworks */,
				AA4D8A4B130F6A74001FD5CB /* UIKit.framework in Frameworks */,
				AA4D8A4D130F6A74001FD5CB /* Foundation.framework in Frameworks */,
				AA4D8A4F130F6A74001FD5CB /* CoreGraphics.framework in Frameworks */,
			);
			runOnlyForDeploymentPostprocessing = 0;
		};
/* End PBXFrameworksBuildPhase section */

/* Begin PBXGroup section */
		163D6E8E1818BF8B007ACA3D /* Pixar-Wallpaper-Pack */ = {
			isa = PBXGroup;
			children = (
				163D6E8F1818BF8B007ACA3D /* a bug's life (1).jpg */,
				163D6E901818BF8B007ACA3D /* a bug's life (2).jpg */,
				163D6E911818BF8B007ACA3D /* a bug's life.jpg */,
				163D6E921818BF8B007ACA3D /* Cars (1).jpg */,
				163D6E931818BF8B007ACA3D /* Cars (2).jpg */,
				163D6E941818BF8B007ACA3D /* Cars (3).jpg */,
				163D6E951818BF8B007ACA3D /* Cars (4).jpg */,
				163D6E961818BF8B007ACA3D /* Cars (5).jpg */,
				163D6E971818BF8B007ACA3D /* Cars (6).jpg */,
				163D6E981818BF8B007ACA3D /* Cars (7).jpg */,
				163D6E991818BF8B007ACA3D /* Cars.jpg */,
				163D6E9A1818BF8B007ACA3D /* Finding Nemo (1).jpg */,
				163D6E9B1818BF8B007ACA3D /* Finding Nemo (2).jpg */,
				163D6E9C1818BF8B007ACA3D /* Finding Nemo (3).jpg */,
				163D6E9D1818BF8B007ACA3D /* Finding Nemo (4).jpg */,
				163D6E9E1818BF8B007ACA3D /* Finding Nemo (5).jpg */,
				163D6E9F1818BF8B007ACA3D /* Finding Nemo (6).jpg */,
				163D6EA01818BF8B007ACA3D /* Finding Nemo (7).jpg */,
				163D6EA11818BF8B007ACA3D /* Finding Nemo (8).jpg */,
				163D6EA21818BF8B007ACA3D /* Finding Nemo.jpg */,
				163D6EA31818BF8B007ACA3D /* Monsters Inc (1).jpg */,
				163D6EA41818BF8B007ACA3D /* Monsters Inc (2).jpg */,
				163D6EA51818BF8B007ACA3D /* Monsters Inc (3).jpg */,
				163D6EA61818BF8B007ACA3D /* Monsters Inc.jpg */,
				163D6EA71818BF8B007ACA3D /* Pixar Various (1).jpg */,
				163D6EA81818BF8B007ACA3D /* Pixar Various (2).jpg */,
				163D6EA91818BF8B007ACA3D /* Pixar Various (3).jpg */,
				163D6EAA1818BF8B007ACA3D /* Pixar Various (4).jpg */,
				163D6EAB1818BF8B007ACA3D /* Pixar Various (5).jpg */,
				163D6EAC1818BF8B007ACA3D /* Pixar Various (6).jpg */,
				163D6EAD1818BF8B007ACA3D /* Pixar Various.jpg */,
				163D6EAE1818BF8B007ACA3D /* Ratatouille (1).jpg */,
				163D6EAF1818BF8B007ACA3D /* Ratatouille (2).jpg */,
				163D6EB01818BF8B007ACA3D /* Ratatouille (3).jpg */,
				163D6EB11818BF8B007ACA3D /* Ratatouille (4).jpg */,
				163D6EB21818BF8B007ACA3D /* Ratatouille (5).jpg */,
				163D6EB31818BF8B007ACA3D /* Ratatouille (6).jpg */,
				163D6EB41818BF8B007ACA3D /* Ratatouille (7).jpg */,
				163D6EB51818BF8B007ACA3D /* Ratatouille (8).jpg */,
				163D6EB61818BF8B007ACA3D /* Ratatouille.jpg */,
				163D6EB71818BF8B007ACA3D /* The Incredibles (1).jpg */,
				163D6EB81818BF8B007ACA3D /* The Incredibles (2).jpg */,
				163D6EB91818BF8B007ACA3D /* The Incredibles (4).jpg */,
				163D6EBA1818BF8B007ACA3D /* The Incredibles (5).jpg */,
				163D6EBB1818BF8B007ACA3D /* The Incredibles.jpeg */,
				163D6EBC1818BF8B007ACA3D /* The Incredibles.jpg */,
				163D6EBD1818BF8B007ACA3D /* Toy Story (1).jpg */,
				163D6EBE1818BF8B007ACA3D /* Toy Story (2).jpg */,
				163D6EBF1818BF8B007ACA3D /* Toy Story (3).jpg */,
				163D6EC01818BF8B007ACA3D /* Toy Story (4).jpg */,
				163D6EC11818BF8B007ACA3D /* Toy Story (5).jpg */,
				163D6EC21818BF8B007ACA3D /* Toy Story.jpg */,
				163D6EC31818BF8B007ACA3D /* Toy-Story-movie-07.jpg */,
				163D6EC41818BF8B007ACA3D /* Toy-Story-movie-08.jpg */,
				163D6EC51818BF8B007ACA3D /* Toy-Story-movie-09.jpg */,
				163D6EC61818BF8B007ACA3D /* Toy-Story-movie-10.jpg */,
				163D6EC71818BF8B007ACA3D /* Toy-Story-movie-11.jpg */,
				163D6EC81818BF8B007ACA3D /* Toy-Story-movie-12.jpg */,
				163D6EC91818BF8B007ACA3D /* Up (1).jpg */,
				163D6ECA1818BF8B007ACA3D /* Up (10).jpg */,
				163D6ECB1818BF8B007ACA3D /* Up (11).jpg */,
				163D6ECC1818BF8B007ACA3D /* Up (12).jpg */,
				163D6ECD1818BF8B007ACA3D /* Up (13).jpg */,
				163D6ECE1818BF8B007ACA3D /* Up (14).jpg */,
				163D6ECF1818BF8B007ACA3D /* Up (2).jpg */,
				163D6ED01818BF8B007ACA3D /* Up (3).jpg */,
				163D6ED11818BF8B007ACA3D /* Up (4).jpg */,
				163D6ED21818BF8B007ACA3D /* Up (5).jpg */,
				163D6ED31818BF8B007ACA3D /* Up (6).jpg */,
				163D6ED41818BF8B007ACA3D /* Up (8).jpg */,
				163D6ED51818BF8B007ACA3D /* Up (9).jpg */,
				163D6ED61818BF8B007ACA3D /* Up.jpg */,
				163D6ED71818BF8B007ACA3D /* Wall-e (1).jpg */,
				163D6ED81818BF8B007ACA3D /* Wall-e (3).jpg */,
				163D6ED91818BF8B007ACA3D /* Wall-e (4).jpg */,
				163D6EDA1818BF8B007ACA3D /* Wall-e (5).jpg */,
				163D6EDB1818BF8B007ACA3D /* Wall-e (6).jpg */,
				163D6EDC1818BF8B007ACA3D /* Wall-e (7).jpg */,
				163D6EDD1818BF8B007ACA3D /* Wall-e (8).jpg */,
				163D6EDE1818BF8B007ACA3D /* Wall-e(2).jpg */,
				163D6EDF1818BF8B007ACA3D /* Wall-e.jpg */,
			);
			name = "Pixar-Wallpaper-Pack";
			path = "GCDExample/Pixar-Wallpaper-Pack";
			sourceTree = "<group>";
		};
		AA4D8A3B130F6A74001FD5CB = {
			isa = PBXGroup;
			children = (
				AA4D8A49130F6A74001FD5CB /* Frameworks */,
				AA4D8A50130F6A74001FD5CB /* GCDExample */,
				163D6E8E1818BF8B007ACA3D /* Pixar-Wallpaper-Pack */,
				AA4D8A47130F6A74001FD5CB /* Products */,
			);
			sourceTree = "<group>";
		};
		AA4D8A47130F6A74001FD5CB /* Products */ = {
			isa = PBXGroup;
			children = (
				AA4D8A46130F6A74001FD5CB /* GCDExample.app */,
			);
			name = Products;
			sourceTree = "<group>";
		};
		AA4D8A49130F6A74001FD5CB /* Frameworks */ = {
			isa = PBXGroup;
			children = (
				16B4BD4E18203F4E001666CA /* libsqlite3.dylib */,
				AA4D8A4A130F6A74001FD5CB /* UIKit.framework */,
				AA4D8A4C130F6A74001FD5CB /* Foundation.framework */,
				AA4D8A4E130F6A74001FD5CB /* CoreGraphics.framework */,
			);
			name = Frameworks;
			sourceTree = "<group>";
		};
		AA4D8A50130F6A74001FD5CB /* GCDExample */ = {
			isa = PBXGroup;
			children = (
				AA4D8A59130F6A74001FD5CB /* GCDExampleAppDelegate.h */,
				AA4D8A5A130F6A74001FD5CB /* GCDExampleAppDelegate.m */,
				1F463C9713F622600003CDB8 /* JKCallbacksTableViewCell.h */,
				1F463C9813F622600003CDB8 /* JKCallbacksTableViewCell.m */,
				AA4D8A5C130F6A75001FD5CB /* MainWindow.xib */,
				AA4D8A5F130F6A75001FD5CB /* RootViewController.h */,
				AA4D8A60130F6A75001FD5CB /* RootViewController.m */,
				AA4D8A62130F6A75001FD5CB /* RootViewController.xib */,
				AA4D8A51130F6A74001FD5CB /* Supporting Files */,
			);
			path = GCDExample;
			sourceTree = "<group>";
		};
		AA4D8A51130F6A74001FD5CB /* Supporting Files */ = {
			isa = PBXGroup;
			children = (
				AA4D8A52130F6A74001FD5CB /* GCDExample-Info.plist */,
				AA4D8A53130F6A74001FD5CB /* InfoPlist.strings */,
				AA4D8A56130F6A74001FD5CB /* GCDExample-Prefix.pch */,
				AA4D8A57130F6A74001FD5CB /* main.m */,
			);
			name = "Supporting Files";
			sourceTree = "<group>";
		};
/* End PBXGroup section */

/* Begin PBXNativeTarget section */
		AA4D8A45130F6A74001FD5CB /* GCDExample */ = {
			isa = PBXNativeTarget;
			buildConfigurationList = AA4D8A67130F6A75001FD5CB /* Build configuration list for PBXNativeTarget "GCDExample" */;
			buildPhases = (
				AA4D8A42130F6A74001FD5CB /* Sources */,
				AA4D8A43130F6A74001FD5CB /* Frameworks */,
				AA4D8A44130F6A74001FD5CB /* Resources */,
			);
			buildRules = (
			);
			dependencies = (
			);
			name = GCDExample;
			productName = GCDExample;
			productReference = AA4D8A46130F6A74001FD5CB /* GCDExample.app */;
			productType = "com.apple.product-type.application";
		};
/* End PBXNativeTarget section */

/* Begin PBXProject section */
		AA4D8A3D130F6A74001FD5CB /* Project object */ = {
			isa = PBXProject;
			attributes = {
				LastUpgradeCheck = 0500;
			};
			buildConfigurationList = AA4D8A40130F6A74001FD5CB /* Build configuration list for PBXProject "GCDExample" */;
			compatibilityVersion = "Xcode 3.2";
			developmentRegion = English;
			hasScannedForEncodings = 0;
			knownRegions = (
				en,
			);
			mainGroup = AA4D8A3B130F6A74001FD5CB;
			productRefGroup = AA4D8A47130F6A74001FD5CB /* Products */;
			projectDirPath = "";
			projectRoot = "";
			targets = (
				AA4D8A45130F6A74001FD5CB /* GCDExample */,
			);
		};
/* End PBXProject section */

/* Begin PBXResourcesBuildPhase section */
		AA4D8A44130F6A74001FD5CB /* Resources */ = {
			isa = PBXResourcesBuildPhase;
			buildActionMask = 2147483647;
			files = (
				163D6F051818BF8B007ACA3D /* Ratatouille (7).jpg in Resources */,
				163D6F111818BF8B007ACA3D /* Toy Story (4).jpg in Resources */,
				163D6F161818BF8B007ACA3D /* Toy-Story-movie-09.jpg in Resources */,
				163D6F191818BF8B007ACA3D /* Toy-Story-movie-12.jpg in Resources */,
				163D6EEA1818BF8B007ACA3D /* Cars.jpg in Resources */,
				163D6F131818BF8B007ACA3D /* Toy Story.jpg in Resources */,
				163D6F2B1818BF8B007ACA3D /* Wall-e (5).jpg in Resources */,
				163D6EED1818BF8B007ACA3D /* Finding Nemo (3).jpg in Resources */,
				163D6EF41818BF8B007ACA3D /* Monsters Inc (1).jpg in Resources */,
				163D6F291818BF8B007ACA3D /* Wall-e (3).jpg in Resources */,
				163D6EFE1818BF8B007ACA3D /* Pixar Various.jpg in Resources */,
				163D6F281818BF8B007ACA3D /* Wall-e (1).jpg in Resources */,
				163D6F201818BF8B007ACA3D /* Up (2).jpg in Resources */,
				AA4D8A55130F6A74001FD5CB /* InfoPlist.strings in Resources */,
				AA4D8A5E130F6A75001FD5CB /* MainWindow.xib in Resources */,
				163D6EFB1818BF8B007ACA3D /* Pixar Various (4).jpg in Resources */,
				163D6F181818BF8B007ACA3D /* Toy-Story-movie-11.jpg in Resources */,
				163D6F021818BF8B007ACA3D /* Ratatouille (4).jpg in Resources */,
				163D6F271818BF8B007ACA3D /* Up.jpg in Resources */,
				163D6F091818BF8B007ACA3D /* The Incredibles (2).jpg in Resources */,
				163D6F171818BF8B007ACA3D /* Toy-Story-movie-10.jpg in Resources */,
				163D6F0D1818BF8B007ACA3D /* The Incredibles.jpg in Resources */,
				163D6EE51818BF8B007ACA3D /* Cars (3).jpg in Resources */,
				163D6F1C1818BF8B007ACA3D /* Up (11).jpg in Resources */,
				163D6EEC1818BF8B007ACA3D /* Finding Nemo (2).jpg in Resources */,
				163D6EEE1818BF8B007ACA3D /* Finding Nemo (4).jpg in Resources */,
				163D6F141818BF8B007ACA3D /* Toy-Story-movie-07.jpg in Resources */,
				163D6F0C1818BF8B007ACA3D /* The Incredibles.jpeg in Resources */,
				163D6F0E1818BF8B007ACA3D /* Toy Story (1).jpg in Resources */,
				163D6F121818BF8B007ACA3D /* Toy Story (5).jpg in Resources */,
				163D6EF91818BF8B007ACA3D /* Pixar Various (2).jpg in Resources */,
				163D6EF71818BF8B007ACA3D /* Monsters Inc.jpg in Resources */,
				163D6EE01818BF8B007ACA3D /* a bug's life (1).jpg in Resources */,
				163D6F011818BF8B007ACA3D /* Ratatouille (3).jpg in Resources */,
				163D6EF31818BF8B007ACA3D /* Finding Nemo.jpg in Resources */,
				163D6F1E1818BF8B007ACA3D /* Up (13).jpg in Resources */,
				163D6F081818BF8B007ACA3D /* The Incredibles (1).jpg in Resources */,
				163D6EF61818BF8B007ACA3D /* Monsters Inc (3).jpg in Resources */,
				163D6F0F1818BF8B007ACA3D /* Toy Story (2).jpg in Resources */,
				163D6F001818BF8B007ACA3D /* Ratatouille (2).jpg in Resources */,
				163D6F031818BF8B007ACA3D /* Ratatouille (5).jpg in Resources */,
				163D6F2A1818BF8B007ACA3D /* Wall-e (4).jpg in Resources */,
				163D6F071818BF8B007ACA3D /* Ratatouille.jpg in Resources */,
				163D6EE11818BF8B007ACA3D /* a bug's life (2).jpg in Resources */,
				163D6EF11818BF8B007ACA3D /* Finding Nemo (7).jpg in Resources */,
				163D6F1F1818BF8B007ACA3D /* Up (14).jpg in Resources */,
				163D6EE31818BF8B007ACA3D /* Cars (1).jpg in Resources */,
				163D6F211818BF8B007ACA3D /* Up (3).jpg in Resources */,
				163D6EFF1818BF8B007ACA3D /* Ratatouille (1).jpg in Resources */,
				163D6F041818BF8B007ACA3D /* Ratatouille (6).jpg in Resources */,
				163D6F1A1818BF8B007ACA3D /* Up (1).jpg in Resources */,
				163D6F261818BF8B007ACA3D /* Up (9).jpg in Resources */,
				163D6EE71818BF8B007ACA3D /* Cars (5).jpg in Resources */,
				163D6F151818BF8B007ACA3D /* Toy-Story-movie-08.jpg in Resources */,
				163D6F0B1818BF8B007ACA3D /* The Incredibles (5).jpg in Resources */,
				163D6EE21818BF8B007ACA3D /* a bug's life.jpg in Resources */,
				163D6EF51818BF8B007ACA3D /* Monsters Inc (2).jpg in Resources */,
				163D6EF01818BF8B007ACA3D /* Finding Nemo (6).jpg in Resources */,
				163D6EE61818BF8B007ACA3D /* Cars (4).jpg in Resources */,
				163D6EEF1818BF8B007ACA3D /* Finding Nemo (5).jpg in Resources */,
				163D6F2F1818BF8B007ACA3D /* Wall-e(2).jpg in Resources */,
				163D6EFC1818BF8B007ACA3D /* Pixar Various (5).jpg in Resources */,
				163D6F231818BF8B007ACA3D /* Up (5).jpg in Resources */,
				AA4D8A64130F6A75001FD5CB /* RootViewController.xib in Resources */,
				163D6F251818BF8B007ACA3D /* Up (8).jpg in Resources */,
				163D6F2D1818BF8B007ACA3D /* Wall-e (7).jpg in Resources */,
				163D6EFD1818BF8B007ACA3D /* Pixar Various (6).jpg in Resources */,
				163D6F221818BF8B007ACA3D /* Up (4).jpg in Resources */,
				163D6F1D1818BF8B007ACA3D /* Up (12).jpg in Resources */,
				163D6EE41818BF8B007ACA3D /* Cars (2).jpg in Resources */,
				163D6EF21818BF8B007ACA3D /* Finding Nemo (8).jpg in Resources */,
				163D6F1B1818BF8B007ACA3D /* Up (10).jpg in Resources */,
				163D6F2C1818BF8B007ACA3D /* Wall-e (6).jpg in Resources */,
				163D6F2E1818BF8B007ACA3D /* Wall-e (8).jpg in Resources */,
				163D6EFA1818BF8B007ACA3D /* Pixar Various (3).jpg in Resources */,
				163D6F0A1818BF8B007ACA3D /* The Incredibles (4).jpg in Resources */,
				163D6EEB1818BF8B007ACA3D /* Finding Nemo (1).jpg in Resources */,
				163D6EE81818BF8B007ACA3D /* Cars (6).jpg in Resources */,
				163D6F061818BF8B007ACA3D /* Ratatouille (8).jpg in Resources */,
				163D6F101818BF8B007ACA3D /* Toy Story (3).jpg in Resources */,
				163D6F241818BF8B007ACA3D /* Up (6).jpg in Resources */,
				163D6EE91818BF8B007ACA3D /* Cars (7).jpg in Resources */,
				163D6EF81818BF8B007ACA3D /* Pixar Various (1).jpg in Resources */,
				163D6F301818BF8B007ACA3D /* Wall-e.jpg in Resources */,
			);
			runOnlyForDeploymentPostprocessing = 0;
		};
/* End PBXResourcesBuildPhase section */

/* Begin PBXSourcesBuildPhase section */
		AA4D8A42130F6A74001FD5CB /* Sources */ = {
			isa = PBXSourcesBuildPhase;
			buildActionMask = 2147483647;
			files = (
				AA4D8A58130F6A74001FD5CB /* main.m in Sources */,
				AA4D8A5B130F6A74001FD5CB /* GCDExampleAppDelegate.m in Sources */,
				AA4D8A61130F6A75001FD5CB /* RootViewController.m in Sources */,
				1F463C9913F622600003CDB8 /* JKCallbacksTableViewCell.m in Sources */,
			);
			runOnlyForDeploymentPostprocessing = 0;
		};
/* End PBXSourcesBuildPhase section */

/* Begin PBXVariantGroup section */
		AA4D8A53130F6A74001FD5CB /* InfoPlist.strings */ = {
			isa = PBXVariantGroup;
			children = (
				AA4D8A54130F6A74001FD5CB /* en */,
			);
			name = InfoPlist.strings;
			sourceTree = "<group>";
		};
		AA4D8A5C130F6A75001FD5CB /* MainWindow.xib */ = {
			isa = PBXVariantGroup;
			children = (
				AA4D8A5D130F6A75001FD5CB /* en */,
			);
			name = MainWindow.xib;
			sourceTree = "<group>";
		};
		AA4D8A62130F6A75001FD5CB /* RootViewController.xib */ = {
			isa = PBXVariantGroup;
			children = (
				AA4D8A63130F6A75001FD5CB /* en */,
			);
			name = RootViewController.xib;
			sourceTree = "<group>";
		};
/* End PBXVariantGroup section */

/* Begin XCBuildConfiguration section */
		AA4D8A65130F6A75001FD5CB /* Debug */ = {
			isa = XCBuildConfiguration;
			buildSettings = {
				"CODE_SIGN_IDENTITY[sdk=iphoneos*]" = "iPhone Developer";
				GCC_C_LANGUAGE_STANDARD = gnu99;
				GCC_OPTIMIZATION_LEVEL = 0;
				GCC_PREPROCESSOR_DEFINITIONS = DEBUG;
				GCC_VERSION = "";
				GCC_WARN_ABOUT_RETURN_TYPE = YES;
				GCC_WARN_UNUSED_VARIABLE = YES;
				IPHONEOS_DEPLOYMENT_TARGET = 7.0;
				ONLY_ACTIVE_ARCH = YES;
				SDKROOT = iphoneos;
			};
			name = Debug;
		};
		AA4D8A66130F6A75001FD5CB /* Release */ = {
			isa = XCBuildConfiguration;
			buildSettings = {
				"CODE_SIGN_IDENTITY[sdk=iphoneos*]" = "iPhone Developer";
				GCC_C_LANGUAGE_STANDARD = gnu99;
				GCC_VERSION = "";
				GCC_WARN_ABOUT_RETURN_TYPE = YES;
				GCC_WARN_UNUSED_VARIABLE = YES;
				IPHONEOS_DEPLOYMENT_TARGET = 7.0;
				OTHER_CFLAGS = "-DNS_BLOCK_ASSERTIONS=1";
				SDKROOT = iphoneos;
			};
			name = Release;
		};
		AA4D8A68130F6A75001FD5CB /* Debug */ = {
			isa = XCBuildConfiguration;
			buildSettings = {
				ALWAYS_SEARCH_USER_PATHS = NO;
				COPY_PHASE_STRIP = NO;
				GCC_DYNAMIC_NO_PIC = NO;
				GCC_PRECOMPILE_PREFIX_HEADER = YES;
				GCC_PREFIX_HEADER = "GCDExample/GCDExample-Prefix.pch";
				INFOPLIST_FILE = "GCDExample/GCDExample-Info.plist";
				INSTALL_PATH = "$(LOCAL_APPS_DIR)";
				PRODUCT_NAME = "$(TARGET_NAME)";
				WRAPPER_EXTENSION = app;
			};
			name = Debug;
		};
		AA4D8A69130F6A75001FD5CB /* Release */ = {
			isa = XCBuildConfiguration;
			buildSettings = {
				ALWAYS_SEARCH_USER_PATHS = NO;
				COPY_PHASE_STRIP = YES;
				GCC_PRECOMPILE_PREFIX_HEADER = YES;
				GCC_PREFIX_HEADER = "GCDExample/GCDExample-Prefix.pch";
				INFOPLIST_FILE = "GCDExample/GCDExample-Info.plist";
				INSTALL_PATH = "$(LOCAL_APPS_DIR)";
				PRODUCT_NAME = "$(TARGET_NAME)";
				VALIDATE_PRODUCT = YES;
				WRAPPER_EXTENSION = app;
			};
			name = Release;
		};
/* End XCBuildConfiguration section */

/* Begin XCConfigurationList section */
		AA4D8A40130F6A74001FD5CB /* Build configuration list for PBXProject "GCDExample" */ = {
			isa = XCConfigurationList;
			buildConfigurations = (
				AA4D8A65130F6A75001FD5CB /* Debug */,
				AA4D8A66130F6A75001FD5CB /* Release */,
			);
			defaultConfigurationIsVisible = 0;
			defaultConfigurationName = Release;
		};
		AA4D8A67130F6A75001FD5CB /* Build configuration list for PBXNativeTarget "GCDExample" */ = {
			isa = XCConfigurationList;
			buildConfigurations = (
				AA4D8A68130F6A75001FD5CB /* Debug */,
				AA4D8A69130F6A75001FD5CB /* Release */,
			);
			defaultConfigurationIsVisible = 0;
			defaultConfigurationName = Release;
		};
/* End XCConfigurationList section */
	};
	rootObject = AA4D8A3D130F6A74001FD5CB /* Project object */;
}
